<Solution>
  <Project Path="Ariadne.VFS.WinFsp.Demo/Ariadne.VFS.WinFsp.Demo.csproj" />
  <Project Path="Ariadne.Contracts.Games/Ariadne.Contracts.Games.csproj" />
  <Project Path="Ariadne.VFS.FUSE/Ariadne.VFS.FUSE.csproj" />
  <Project Path="Ariadne.VFS.WinFsp/Ariadne.VFS.WinFsp.csproj" />
  <Project Path="Ariadne.VFS/Ariadne.VFS.csproj" />
  <Project Path="Ariadne.Contracts.ModManager/Ariadne.Contracts.ModManager.csproj" />
  <Project Path="Ariadne.Games/Ariadne.Games.csproj" />
  <Project Path="Ariadne.Extensions.IO/Ariadne.Extensions.IO.csproj" />
  <Project Path="Ariadne.Games.Tests/Ariadne.Games.Tests.csproj" />
  <Project Path="Ariadne.ModManager.Bethesda/Ariadne.ModManager.Bethesda.csproj" />
  <Project Path="Ariadne.ModManager.Bethesda.Tests/Ariadne.ModManager.Bethesda.Tests.csproj" />
  <Project Path="Ariadne.ModManager.CLI/Ariadne.ModManager.CLI.csproj" />
  <Project Path="Ariadne.ModManager.GUI.Tests/Ariadne.ModManager.GUI.Tests.csproj" />
  <Project Path="Ariadne.Downloads/Ariadne.Downloads.csproj" />
  <Project Path="Ariadne.Downloads.Tests/Ariadne.Downloads.Tests.csproj" />
  <Project Path="Ariadne.ModManager/Ariadne.ModManager.csproj" />
  <Project Path="Ariadne.ModManager.GUI/Ariadne.ModManager.GUI.csproj" />
  <Project Path="Ariadne.ModManager.Tests/Ariadne.ModManager.Tests.csproj" />
  <Project Path="Ariadne.VFS.Services/Ariadne.VFS.Services.csproj" />
  <Project Path="Ariadne.VFS.Tests/Ariadne.VFS.Tests.csproj" />
  <Project Path="Ariadne.VFS.WinFsp.Tests/Ariadne.VFS.WinFsp.Tests.csproj" />
  <Project Path="Ariadne.WebProtocol.Nexus.Tests/Ariadne.WebProtocol.Nexus.Tests.csproj" />
  <Project Path="Ariadne.Security/Ariadne.Security.csproj" />
  <Project Path="Ariadne.Security.Dpapi/Ariadne.Security.Dpapi.csproj" />
  <Project Path="Ariadne.Security.Libsecret/Ariadne.Security.Libsecret.csproj" />
  <Project Path="Ariadne.Security.Tests/Ariadne.Security.Tests.csproj" />
  <Project Path="Ariadne.WebProtocol.Modl/Ariadne.WebProtocol.Modl.csproj" />
  <Project Path="Ariadne.WebProtocol.Modl.Tests/Ariadne.WebProtocol.Modl.Tests.csproj" />
  <Project Path="Ariadne.WebProtocol/Ariadne.WebProtocol.csproj" />
  <Project Path="Ariadne.WebProtocol.Tests/Ariadne.WebProtocol.Tests.csproj" />
  <Project Path="Ariadne.WebProtocol.Nexus/Ariadne.WebProtocol.Nexus.csproj" />
</Solution>
