<Solution>
  <Project Path="Daedalus.VFS.WinFsp.Demo/Daedalus.VFS.WinFsp.Demo.csproj" />
  <Project Path="Daedalus.Contracts.Games/Daedalus.Contracts.Games.csproj" />
  <Project Path="Daedalus.VFS.FUSE/Daedalus.VFS.FUSE.csproj" />
  <Project Path="Daedalus.VFS.WinFsp/Daedalus.VFS.WinFsp.csproj" />
  <Project Path="Daedalus.VFS/Daedalus.VFS.csproj" />
  <Project Path="Daedalus.Contracts.ModManager/Daedalus.Contracts.ModManager.csproj" />
  <Project Path="Daedalus.Games/Daedalus.Games.csproj" />
  <Project Path="Daedalus.Games.Tests/Daedalus.Games.Tests.csproj" />
  <Project Path="Daedalus.ModManager.Bethesda/Daedalus.ModManager.Bethesda.csproj" />
  <Project Path="Daedalus.ModManager.Bethesda.Tests/Daedalus.ModManager.Bethesda.Tests.csproj" />
  <Project Path="Daedalus.ModManager.CLI/Daedalus.ModManager.CLI.csproj" />
  <Project Path="Daedalus.ModManager.GUI.Tests/Daedalus.ModManager.GUI.Tests.csproj" />
  <Project Path="Daedalus.Downloads/Daedalus.Downloads.csproj" />
  <Project Path="Daedalus.Downloads.Tests/Daedalus.Downloads.Tests.csproj" />
  <Project Path="Daedalus.ModManager/Daedalus.ModManager.csproj" />
  <Project Path="Daedalus.ModManager.GUI/Daedalus.ModManager.GUI.csproj" />
  <Project Path="Daedalus.ModManager.Tests/Daedalus.ModManager.Tests.csproj" />
  <Project Path="Daedalus.VFS.Services/Daedalus.VFS.Services.csproj" />
  <Project Path="Daedalus.VFS.Tests/Daedalus.VFS.Tests.csproj" />
  <Project Path="Daedalus.VFS.WinFsp.Tests/Daedalus.VFS.WinFsp.Tests.csproj" />
  <Project Path="Daedalus.WebProtocol.Nexus.Tests/Daedalus.WebProtocol.Nexus.Tests.csproj" />
  <Project Path="Daedalus.Security/Daedalus.Security.csproj" />
  <Project Path="Daedalus.Security.Dpapi/Daedalus.Security.Dpapi.csproj" />
  <Project Path="Daedalus.Security.Libsecret/Daedalus.Security.Libsecret.csproj" />
  <Project Path="Daedalus.Security.Tests/Daedalus.Security.Tests.csproj" />
  <Project Path="Daedalus.WebProtocol.Modl/Daedalus.WebProtocol.Modl.csproj" />
  <Project Path="Daedalus.WebProtocol.Modl.Tests/Daedalus.WebProtocol.Modl.Tests.csproj" />
  <Project Path="Daedalus.WebProtocol/Daedalus.WebProtocol.csproj" />
  <Project Path="Daedalus.WebProtocol.Tests/Daedalus.WebProtocol.Tests.csproj" />
  <Project Path="Daedalus.WebProtocol.Nexus/Daedalus.WebProtocol.Nexus.csproj" />
</Solution>
